
Microsoft Visual Studio Solution File, Format Version 12.00
# Visual Studio Version 17
VisualStudioVersion = 17.1.32328.378
MinimumVisualStudioVersion = 10.0.40219.1
Project("{FAE04EC0-301F-11D3-BF4B-00C04F79EFBC}") = "WebApp-ControlPanel", "WebApp-ControlPanel\WebApp-ControlPanel.csproj", "{BBC8866D-CA31-4917-BF7D-1750EC6056B0}"
EndProject
Global
	GlobalSection(SolutionConfigurationPlatforms) = preSolution
		Debug|Any CPU = Debug|Any CPU
		Release|Any CPU = Release|Any CPU
	EndGlobalSection
	GlobalSection(ProjectConfigurationPlatforms) = postSolution
		{BBC8866D-CA31-4917-BF7D-1750EC6056B0}.Debug|Any CPU.ActiveCfg = Debug|Any CPU
		{BBC8866D-CA31-4917-BF7D-1750EC6056B0}.Debug|Any CPU.Build.0 = Debug|Any CPU
		{BBC8866D-CA31-4917-BF7D-1750EC6056B0}.Release|Any CPU.ActiveCfg = Release|Any CPU
		{BBC8866D-CA31-4917-BF7D-1750EC6056B0}.Release|Any CPU.Build.0 = Release|Any CPU
	EndGlobalSection
	GlobalSection(SolutionProperties) = preSolution
		HideSolutionNode = FALSE
	EndGlobalSection
	GlobalSection(ExtensibilityGlobals) = postSolution
		SolutionGuid = {A029852C-FB8D-44A5-8635-2051DE456A18}
	EndGlobalSection
EndGlobal
